// !$*UTF8*$!
{
	archiveVersion = 1;
	classes = {
	};
	objectVersion = 77;
	objects = {

/* Begin PBXContainerItemProxy section */
		D01DC1D52D92B26400C42873 /* PBXContainerItemProxy */ = {
			isa = PBXContainerItemProxy;
			containerPortal = D01DC1BC2D92B26200C42873 /* Project object */;
			proxyType = 1;
			remoteGlobalIDString = D01DC1C32D92B26200C42873;
			remoteInfo = ScrollToTop;
		};
		D01DC1DF2D92B26400C42873 /* PBXContainerItemProxy */ = {
			isa = PBXContainerItemProxy;
			containerPortal = D01DC1BC2D92B26200C42873 /* Project object */;
			proxyType = 1;
			remoteGlobalIDString = D01DC1C32D92B26200C42873;
			remoteInfo = ScrollToTop;
		};
/* End PBXContainerItemProxy section */

/* Begin PBXFileReference section */
		D01DC1C42D92B26200C42873 /* ScrollToTop.app */ = {isa = PBXFileReference; explicitFileType = wrapper.application; includeInIndex = 0; path = ScrollToTop.app; sourceTree = BUILT_PRODUCTS_DIR; };
		D01DC1D42D92B26400C42873 /* ScrollToTopTests.xctest */ = {isa = PBXFileReference; explicitFileType = wrapper.cfbundle; includeInIndex = 0; path = ScrollToTopTests.xctest; sourceTree = BUILT_PRODUCTS_DIR; };
		D01DC1DE2D92B26400C42873 /* ScrollToTopUITests.xctest */ = {isa = PBXFileReference; explicitFileType = wrapper.cfbundle; includeInIndex = 0; path = ScrollToTopUITests.xctest; sourceTree = BUILT_PRODUCTS_DIR; };
/* End PBXFileReference section */

/* Begin PBXFileSystemSynchronizedRootGroup section */
		D01DC1C62D92B26200C42873 /* ScrollToTop */ = {
			isa = PBXFileSystemSynchronizedRootGroup;
			path = ScrollToTop;
			sourceTree = "<group>";
		};
		D01DC1D72D92B26400C42873 /* ScrollToTopTests */ = {
			isa = PBXFileSystemSynchronizedRootGroup;
			path = ScrollToTopTests;
			sourceTree = "<group>";
		};
		D01DC1E12D92B26400C42873 /* ScrollToTopUITests */ = {
			isa = PBXFileSystemSynchronizedRootGroup;
			path = ScrollToTopUITests;
			sourceTree = "<group>";
		};
/* End PBXFileSystemSynchronizedRootGroup section */

/* Begin PBXFrameworksBuildPhase section */
		D01DC1C12D92B26200C42873 /* Frameworks */ = {
			isa = PBXFrameworksBuildPhase;
			buildActionMask = 2147483647;
			files = (
			);
			runOnlyForDeploymentPostprocessing = 0;
		};
		D01DC1D12D92B26400C42873 /* Frameworks */ = {
			isa = PBXFrameworksBuildPhase;
			buildActionMask = 2147483647;
			files = (
			);
			runOnlyForDeploymentPostprocessing = 0;
		};
		D01DC1DB2D92B26400C42873 /* Frameworks */ = {
			isa = PBXFrameworksBuildPhase;
			buildActionMask = 2147483647;
			files = (
			);
			runOnlyForDeploymentPostprocessing = 0;
		};
/* End PBXFrameworksBuildPhase section */

/* Begin PBXGroup section */
		D01DC1BB2D92B26200C42873 = {
			isa = PBXGroup;
			children = (
				D01DC1C62D92B26200C42873 /* ScrollToTop */,
				D01DC1D72D92B26400C42873 /* ScrollToTopTests */,
				D01DC1E12D92B26400C42873 /* ScrollToTopUITests */,
				D01DC1C52D92B26200C42873 /* Products */,
			);
			sourceTree = "<group>";
		};
		D01DC1C52D92B26200C42873 /* Products */ = {
			isa = PBXGroup;
			children = (
				D01DC1C42D92B26200C42873 /* ScrollToTop.app */,
				D01DC1D42D92B26400C42873 /* ScrollToTopTests.xctest */,
				D01DC1DE2D92B26400C42873 /* ScrollToTopUITests.xctest */,
			);
			name = Products;
			sourceTree = "<group>";
		};
/* End PBXGroup section */

/* Begin PBXNativeTarget section */
		D01DC1C32D92B26200C42873 /* ScrollToTop */ = {
			isa = PBXNativeTarget;
			buildConfigurationList = D01DC1E82D92B26400C42873 /* Build configuration list for PBXNativeTarget "ScrollToTop" */;
			buildPhases = (
				D01DC1C02D92B26200C42873 /* Sources */,
				D01DC1C12D92B26200C42873 /* Frameworks */,
				D01DC1C22D92B26200C42873 /* Resources */,
			);
			buildRules = (
			);
			dependencies = (
			);
			fileSystemSynchronizedGroups = (
				D01DC1C62D92B26200C42873 /* ScrollToTop */,
			);
			name = ScrollToTop;
			packageProductDependencies = (
			);
			productName = ScrollToTop;
			productReference = D01DC1C42D92B26200C42873 /* ScrollToTop.app */;
			productType = "com.apple.product-type.application";
		};
		D01DC1D32D92B26400C42873 /* ScrollToTopTests */ = {
			isa = PBXNativeTarget;
			buildConfigurationList = D01DC1EB2D92B26400C42873 /* Build configuration list for PBXNativeTarget "ScrollToTopTests" */;
			buildPhases = (
				D01DC1D02D92B26400C42873 /* Sources */,
				D01DC1D12D92B26400C42873 /* Frameworks */,
				D01DC1D22D92B26400C42873 /* Resources */,
			);
			buildRules = (
			);
			dependencies = (
				D01DC1D62D92B26400C42873 /* PBXTargetDependency */,
			);
			fileSystemSynchronizedGroups = (
				D01DC1D72D92B26400C42873 /* ScrollToTopTests */,
			);
			name = ScrollToTopTests;
			packageProductDependencies = (
			);
			productName = ScrollToTopTests;
			productReference = D01DC1D42D92B26400C42873 /* ScrollToTopTests.xctest */;
			productType = "com.apple.product-type.bundle.unit-test";
		};
		D01DC1DD2D92B26400C42873 /* ScrollToTopUITests */ = {
			isa = PBXNativeTarget;
			buildConfigurationList = D01DC1EE2D92B26400C42873 /* Build configuration list for PBXNativeTarget "ScrollToTopUITests" */;
			buildPhases = (
				D01DC1DA2D92B26400C42873 /* Sources */,
				D01DC1DB2D92B26400C42873 /* Frameworks */,
				D01DC1DC2D92B26400C42873 /* Resources */,
			);
			buildRules = (
			);
			dependencies = (
				D01DC1E02D92B26400C42873 /* PBXTargetDependency */,
			);
			fileSystemSynchronizedGroups = (
				D01DC1E12D92B26400C42873 /* ScrollToTopUITests */,
			);
			name = ScrollToTopUITests;
			packageProductDependencies = (
			);
			productName = ScrollToTopUITests;
			productReference = D01DC1DE2D92B26400C42873 /* ScrollToTopUITests.xctest */;
			productType = "com.apple.product-type.bundle.ui-testing";
		};
/* End PBXNativeTarget section */

/* Begin PBXProject section */
		D01DC1BC2D92B26200C42873 /* Project object */ = {
			isa = PBXProject;
			attributes = {
				BuildIndependentTargetsInParallel = 1;
				LastSwiftUpdateCheck = 1620;
				LastUpgradeCheck = 1620;
				TargetAttributes = {
					D01DC1C32D92B26200C42873 = {
						CreatedOnToolsVersion = 16.2;
					};
					D01DC1D32D92B26400C42873 = {
						CreatedOnToolsVersion = 16.2;
						TestTargetID = D01DC1C32D92B26200C42873;
					};
					D01DC1DD2D92B26400C42873 = {
						CreatedOnToolsVersion = 16.2;
						TestTargetID = D01DC1C32D92B26200C42873;
					};
				};
			};
			buildConfigurationList = D01DC1BF2D92B26200C42873 /* Build configuration list for PBXProject "ScrollToTop" */;
			developmentRegion = en;
			hasScannedForEncodings = 0;
			knownRegions = (
				en,
				Base,
			);
			mainGroup = D01DC1BB2D92B26200C42873;
			minimizedProjectReferenceProxies = 1;
			preferredProjectObjectVersion = 77;
			productRefGroup = D01DC1C52D92B26200C42873 /* Products */;
			projectDirPath = "";
			projectRoot = "";
			targets = (
				D01DC1C32D92B26200C42873 /* ScrollToTop */,
				D01DC1D32D92B26400C42873 /* ScrollToTopTests */,
				D01DC1DD2D92B26400C42873 /* ScrollToTopUITests */,
			);
		};
/* End PBXProject section */

/* Begin PBXResourcesBuildPhase section */
		D01DC1C22D92B26200C42873 /* Resources */ = {
			isa = PBXResourcesBuildPhase;
			buildActionMask = 2147483647;
			files = (
			);
			runOnlyForDeploymentPostprocessing = 0;
		};
		D01DC1D22D92B26400C42873 /* Resources */ = {
			isa = PBXResourcesBuildPhase;
			buildActionMask = 2147483647;
			files = (
			);
			runOnlyForDeploymentPostprocessing = 0;
		};
		D01DC1DC2D92B26400C42873 /* Resources */ = {
			isa = PBXResourcesBuildPhase;
			buildActionMask = 2147483647;
			files = (
			);
			runOnlyForDeploymentPostprocessing = 0;
		};
/* End PBXResourcesBuildPhase section */

/* Begin PBXSourcesBuildPhase section */
		D01DC1C02D92B26200C42873 /* Sources */ = {
			isa = PBXSourcesBuildPhase;
			buildActionMask = 2147483647;
			files = (
			);
			runOnlyForDeploymentPostprocessing = 0;
		};
		D01DC1D02D92B26400C42873 /* Sources */ = {
			isa = PBXSourcesBuildPhase;
			buildActionMask = 2147483647;
			files = (
			);
			runOnlyForDeploymentPostprocessing = 0;
		};
		D01DC1DA2D92B26400C42873 /* Sources */ = {
			isa = PBXSourcesBuildPhase;
			buildActionMask = 2147483647;
			files = (
			);
			runOnlyForDeploymentPostprocessing = 0;
		};
/* End PBXSourcesBuildPhase section */

/* Begin PBXTargetDependency section */
		D01DC1D62D92B26400C42873 /* PBXTargetDependency */ = {
			isa = PBXTargetDependency;
			target = D01DC1C32D92B26200C42873 /* ScrollToTop */;
			targetProxy = D01DC1D52D92B26400C42873 /* PBXContainerItemProxy */;
		};
		D01DC1E02D92B26400C42873 /* PBXTargetDependency */ = {
			isa = PBXTargetDependency;
			target = D01DC1C32D92B26200C42873 /* ScrollToTop */;
			targetProxy = D01DC1DF2D92B26400C42873 /* PBXContainerItemProxy */;
		};
/* End PBXTargetDependency section */

/* Begin XCBuildConfiguration section */
		D01DC1E62D92B26400C42873 /* Debug */ = {
			isa = XCBuildConfiguration;
			buildSettings = {
				ALWAYS_SEARCH_USER_PATHS = NO;
				ASSETCATALOG_COMPILER_GENERATE_SWIFT_ASSET_SYMBOL_EXTENSIONS = YES;
				CLANG_ANALYZER_NONNULL = YES;
				CLANG_ANALYZER_NUMBER_OBJECT_CONVERSION = YES_AGGRESSIVE;
				CLANG_CXX_LANGUAGE_STANDARD = "gnu++20";
				CLANG_ENABLE_MODULES = YES;
				CLANG_ENABLE_OBJC_ARC = YES;
				CLANG_ENABLE_OBJC_WEAK = YES;
				CLANG_WARN_BLOCK_CAPTURE_AUTORELEASING = YES;
				CLANG_WARN_BOOL_CONVERSION = YES;
				CLANG_WARN_COMMA = YES;
				CLANG_WARN_CONSTANT_CONVERSION = YES;
				CLANG_WARN_DEPRECATED_OBJC_IMPLEMENTATIONS = YES;
				CLANG_WARN_DIRECT_OBJC_ISA_USAGE = YES_ERROR;
				CLANG_WARN_DOCUMENTATION_COMMENTS = YES;
				CLANG_WARN_EMPTY_BODY = YES;
				CLANG_WARN_ENUM_CONVERSION = YES;
				CLANG_WARN_INFINITE_RECURSION = YES;
				CLANG_WARN_INT_CONVERSION = YES;
				CLANG_WARN_NON_LITERAL_NULL_CONVERSION = YES;
				CLANG_WARN_OBJC_IMPLICIT_RETAIN_SELF = YES;
				CLANG_WARN_OBJC_LITERAL_CONVERSION = YES;
				CLANG_WARN_OBJC_ROOT_CLASS = YES_ERROR;
				CLANG_WARN_QUOTED_INCLUDE_IN_FRAMEWORK_HEADER = YES;
				CLANG_WARN_RANGE_LOOP_ANALYSIS = YES;
				CLANG_WARN_STRICT_PROTOTYPES = YES;
				CLANG_WARN_SUSPICIOUS_MOVE = YES;
				CLANG_WARN_UNGUARDED_AVAILABILITY = YES_AGGRESSIVE;
				CLANG_WARN_UNREACHABLE_CODE = YES;
				CLANG_WARN__DUPLICATE_METHOD_MATCH = YES;
				COPY_PHASE_STRIP = NO;
				DEBUG_INFORMATION_FORMAT = dwarf;
				ENABLE_STRICT_OBJC_MSGSEND = YES;
				ENABLE_TESTABILITY = YES;
				ENABLE_USER_SCRIPT_SANDBOXING = YES;
				GCC_C_LANGUAGE_STANDARD = gnu17;
				GCC_DYNAMIC_NO_PIC = NO;
				GCC_NO_COMMON_BLOCKS = YES;
				GCC_OPTIMIZATION_LEVEL = 0;
				GCC_PREPROCESSOR_DEFINITIONS = (
					"DEBUG=1",
					"$(inherited)",
				);
				GCC_WARN_64_TO_32_BIT_CONVERSION = YES;
				GCC_WARN_ABOUT_RETURN_TYPE = YES_ERROR;
				GCC_WARN_UNDECLARED_SELECTOR = YES;
				GCC_WARN_UNINITIALIZED_AUTOS = YES_AGGRESSIVE;
				GCC_WARN_UNUSED_FUNCTION = YES;
				GCC_WARN_UNUSED_VARIABLE = YES;
				IPHONEOS_DEPLOYMENT_TARGET = 18.2;
				LOCALIZATION_PREFERS_STRING_CATALOGS = YES;
				MTL_ENABLE_DEBUG_INFO = INCLUDE_SOURCE;
				MTL_FAST_MATH = YES;
				ONLY_ACTIVE_ARCH = YES;
				SDKROOT = iphoneos;
				SWIFT_ACTIVE_COMPILATION_CONDITIONS = "DEBUG $(inherited)";
				SWIFT_OPTIMIZATION_LEVEL = "-Onone";
			};
			name = Debug;
		};
		D01DC1E72D92B26400C42873 /* Release */ = {
			isa = XCBuildConfiguration;
			buildSettings = {
				ALWAYS_SEARCH_USER_PATHS = NO;
				ASSETCATALOG_COMPILER_GENERATE_SWIFT_ASSET_SYMBOL_EXTENSIONS = YES;
				CLANG_ANALYZER_NONNULL = YES;
				CLANG_ANALYZER_NUMBER_OBJECT_CONVERSION = YES_AGGRESSIVE;
				CLANG_CXX_LANGUAGE_STANDARD = "gnu++20";
				CLANG_ENABLE_MODULES = YES;
				CLANG_ENABLE_OBJC_ARC = YES;
				CLANG_ENABLE_OBJC_WEAK = YES;
				CLANG_WARN_BLOCK_CAPTURE_AUTORELEASING = YES;
				CLANG_WARN_BOOL_CONVERSION = YES;
				CLANG_WARN_COMMA = YES;
				CLANG_WARN_CONSTANT_CONVERSION = YES;
				CLANG_WARN_DEPRECATED_OBJC_IMPLEMENTATIONS = YES;
				CLANG_WARN_DIRECT_OBJC_ISA_USAGE = YES_ERROR;
				CLANG_WARN_DOCUMENTATION_COMMENTS = YES;
				CLANG_WARN_EMPTY_BODY = YES;
				CLANG_WARN_ENUM_CONVERSION = YES;
				CLANG_WARN_INFINITE_RECURSION = YES;
				CLANG_WARN_INT_CONVERSION = YES;
				CLANG_WARN_NON_LITERAL_NULL_CONVERSION = YES;
				CLANG_WARN_OBJC_IMPLICIT_RETAIN_SELF = YES;
				CLANG_WARN_OBJC_LITERAL_CONVERSION = YES;
				CLANG_WARN_OBJC_ROOT_CLASS = YES_ERROR;
				CLANG_WARN_QUOTED_INCLUDE_IN_FRAMEWORK_HEADER = YES;
				CLANG_WARN_RANGE_LOOP_ANALYSIS = YES;
				CLANG_WARN_STRICT_PROTOTYPES = YES;
				CLANG_WARN_SUSPICIOUS_MOVE = YES;
				CLANG_WARN_UNGUARDED_AVAILABILITY = YES_AGGRESSIVE;
				CLANG_WARN_UNREACHABLE_CODE = YES;
				CLANG_WARN__DUPLICATE_METHOD_MATCH = YES;
				COPY_PHASE_STRIP = NO;
				DEBUG_INFORMATION_FORMAT = "dwarf-with-dsym";
				ENABLE_NS_ASSERTIONS = NO;
				ENABLE_STRICT_OBJC_MSGSEND = YES;
				ENABLE_USER_SCRIPT_SANDBOXING = YES;
				GCC_C_LANGUAGE_STANDARD = gnu17;
				GCC_NO_COMMON_BLOCKS = YES;
				GCC_WARN_64_TO_32_BIT_CONVERSION = YES;
				GCC_WARN_ABOUT_RETURN_TYPE = YES_ERROR;
				GCC_WARN_UNDECLARED_SELECTOR = YES;
				GCC_WARN_UNINITIALIZED_AUTOS = YES_AGGRESSIVE;
				GCC_WARN_UNUSED_FUNCTION = YES;
				GCC_WARN_UNUSED_VARIABLE = YES;
				IPHONEOS_DEPLOYMENT_TARGET = 18.2;
				LOCALIZATION_PREFERS_STRING_CATALOGS = YES;
				MTL_ENABLE_DEBUG_INFO = NO;
				MTL_FAST_MATH = YES;
				SDKROOT = iphoneos;
				SWIFT_COMPILATION_MODE = wholemodule;
				VALIDATE_PRODUCT = YES;
			};
			name = Release;
		};
		D01DC1E92D92B26400C42873 /* Debug */ = {
			isa = XCBuildConfiguration;
			buildSettings = {
				ASSETCATALOG_COMPILER_APPICON_NAME = AppIcon;
				ASSETCATALOG_COMPILER_GLOBAL_ACCENT_COLOR_NAME = AccentColor;
				CODE_SIGN_STYLE = Automatic;
				CURRENT_PROJECT_VERSION = 1;
				DEVELOPMENT_ASSET_PATHS = "\"ScrollToTop/Preview Content\"";
				ENABLE_PREVIEWS = YES;
				GENERATE_INFOPLIST_FILE = YES;
				INFOPLIST_KEY_UIApplicationSceneManifest_Generation = YES;
				INFOPLIST_KEY_UIApplicationSupportsIndirectInputEvents = YES;
				INFOPLIST_KEY_UILaunchScreen_Generation = YES;
				INFOPLIST_KEY_UISupportedInterfaceOrientations_iPad = "UIInterfaceOrientationPortrait UIInterfaceOrientationPortraitUpsideDown UIInterfaceOrientationLandscapeLeft UIInterfaceOrientationLandscapeRight";
				INFOPLIST_KEY_UISupportedInterfaceOrientations_iPhone = "UIInterfaceOrientationPortrait UIInterfaceOrientationLandscapeLeft UIInterfaceOrientationLandscapeRight";
				LD_RUNPATH_SEARCH_PATHS = (
					"$(inherited)",
					"@executable_path/Frameworks",
				);
				MARKETING_VERSION = 1.0;
				PRODUCT_BUNDLE_IDENTIFIER = com.elexoft.ScrollToTop;
				PRODUCT_NAME = "$(TARGET_NAME)";
				SWIFT_EMIT_LOC_STRINGS = YES;
				SWIFT_VERSION = 5.0;
				TARGETED_DEVICE_FAMILY = "1,2";
			};
			name = Debug;
		};
		D01DC1EA2D92B26400C42873 /* Release */ = {
			isa = XCBuildConfiguration;
			buildSettings = {
				ASSETCATALOG_COMPILER_APPICON_NAME = AppIcon;
				ASSETCATALOG_COMPILER_GLOBAL_ACCENT_COLOR_NAME = AccentColor;
				CODE_SIGN_STYLE = Automatic;
				CURRENT_PROJECT_VERSION = 1;
				DEVELOPMENT_ASSET_PATHS = "\"ScrollToTop/Preview Content\"";
				ENABLE_PREVIEWS = YES;
				GENERATE_INFOPLIST_FILE = YES;
				INFOPLIST_KEY_UIApplicationSceneManifest_Generation = YES;
				INFOPLIST_KEY_UIApplicationSupportsIndirectInputEvents = YES;
				INFOPLIST_KEY_UILaunchScreen_Generation = YES;
				INFOPLIST_KEY_UISupportedInterfaceOrientations_iPad = "UIInterfaceOrientationPortrait UIInterfaceOrientationPortraitUpsideDown UIInterfaceOrientationLandscapeLeft UIInterfaceOrientationLandscapeRight";
				INFOPLIST_KEY_UISupportedInterfaceOrientations_iPhone = "UIInterfaceOrientationPortrait UIInterfaceOrientationLandscapeLeft UIInterfaceOrientationLandscapeRight";
				LD_RUNPATH_SEARCH_PATHS = (
					"$(inherited)",
					"@executable_path/Frameworks",
				);
				MARKETING_VERSION = 1.0;
				PRODUCT_BUNDLE_IDENTIFIER = com.elexoft.ScrollToTop;
				PRODUCT_NAME = "$(TARGET_NAME)";
				SWIFT_EMIT_LOC_STRINGS = YES;
				SWIFT_VERSION = 5.0;
				TARGETED_DEVICE_FAMILY = "1,2";
			};
			name = Release;
		};
		D01DC1EC2D92B26400C42873 /* Debug */ = {
			isa = XCBuildConfiguration;
			buildSettings = {
				BUNDLE_LOADER = "$(TEST_HOST)";
				CODE_SIGN_STYLE = Automatic;
				CURRENT_PROJECT_VERSION = 1;
				GENERATE_INFOPLIST_FILE = YES;
				IPHONEOS_DEPLOYMENT_TARGET = 18.2;
				MARKETING_VERSION = 1.0;
				PRODUCT_BUNDLE_IDENTIFIER = com.elexoft.ScrollToTopTests;
				PRODUCT_NAME = "$(TARGET_NAME)";
				SWIFT_EMIT_LOC_STRINGS = NO;
				SWIFT_VERSION = 5.0;
				TARGETED_DEVICE_FAMILY = "1,2";
				TEST_HOST = "$(BUILT_PRODUCTS_DIR)/ScrollToTop.app/$(BUNDLE_EXECUTABLE_FOLDER_PATH)/ScrollToTop";
			};
			name = Debug;
		};
		D01DC1ED2D92B26400C42873 /* Release */ = {
			isa = XCBuildConfiguration;
			buildSettings = {
				BUNDLE_LOADER = "$(TEST_HOST)";
				CODE_SIGN_STYLE = Automatic;
				CURRENT_PROJECT_VERSION = 1;
				GENERATE_INFOPLIST_FILE = YES;
				IPHONEOS_DEPLOYMENT_TARGET = 18.2;
				MARKETING_VERSION = 1.0;
				PRODUCT_BUNDLE_IDENTIFIER = com.elexoft.ScrollToTopTests;
				PRODUCT_NAME = "$(TARGET_NAME)";
				SWIFT_EMIT_LOC_STRINGS = NO;
				SWIFT_VERSION = 5.0;
				TARGETED_DEVICE_FAMILY = "1,2";
				TEST_HOST = "$(BUILT_PRODUCTS_DIR)/ScrollToTop.app/$(BUNDLE_EXECUTABLE_FOLDER_PATH)/ScrollToTop";
			};
			name = Release;
		};
		D01DC1EF2D92B26400C42873 /* Debug */ = {
			isa = XCBuildConfiguration;
			buildSettings = {
				CODE_SIGN_STYLE = Automatic;
				CURRENT_PROJECT_VERSION = 1;
				GENERATE_INFOPLIST_FILE = YES;
				MARKETING_VERSION = 1.0;
				PRODUCT_BUNDLE_IDENTIFIER = com.elexoft.ScrollToTopUITests;
				PRODUCT_NAME = "$(TARGET_NAME)";
				SWIFT_EMIT_LOC_STRINGS = NO;
				SWIFT_VERSION = 5.0;
				TARGETED_DEVICE_FAMILY = "1,2";
				TEST_TARGET_NAME = ScrollToTop;
			};
			name = Debug;
		};
		D01DC1F02D92B26400C42873 /* Release */ = {
			isa = XCBuildConfiguration;
			buildSettings = {
				CODE_SIGN_STYLE = Automatic;
				CURRENT_PROJECT_VERSION = 1;
				GENERATE_INFOPLIST_FILE = YES;
				MARKETING_VERSION = 1.0;
				PRODUCT_BUNDLE_IDENTIFIER = com.elexoft.ScrollToTopUITests;
				PRODUCT_NAME = "$(TARGET_NAME)";
				SWIFT_EMIT_LOC_STRINGS = NO;
				SWIFT_VERSION = 5.0;
				TARGETED_DEVICE_FAMILY = "1,2";
				TEST_TARGET_NAME = ScrollToTop;
			};
			name = Release;
		};
/* End XCBuildConfiguration section */

/* Begin XCConfigurationList section */
		D01DC1BF2D92B26200C42873 /* Build configuration list for PBXProject "ScrollToTop" */ = {
			isa = XCConfigurationList;
			buildConfigurations = (
				D01DC1E62D92B26400C42873 /* Debug */,
				D01DC1E72D92B26400C42873 /* Release */,
			);
			defaultConfigurationIsVisible = 0;
			defaultConfigurationName = Release;
		};
		D01DC1E82D92B26400C42873 /* Build configuration list for PBXNativeTarget "ScrollToTop" */ = {
			isa = XCConfigurationList;
			buildConfigurations = (
				D01DC1E92D92B26400C42873 /* Debug */,
				D01DC1EA2D92B26400C42873 /* Release */,
			);
			defaultConfigurationIsVisible = 0;
			defaultConfigurationName = Release;
		};
		D01DC1EB2D92B26400C42873 /* Build configuration list for PBXNativeTarget "ScrollToTopTests" */ = {
			isa = XCConfigurationList;
			buildConfigurations = (
				D01DC1EC2D92B26400C42873 /* Debug */,
				D01DC1ED2D92B26400C42873 /* Release */,
			);
			defaultConfigurationIsVisible = 0;
			defaultConfigurationName = Release;
		};
		D01DC1EE2D92B26400C42873 /* Build configuration list for PBXNativeTarget "ScrollToTopUITests" */ = {
			isa = XCConfigurationList;
			buildConfigurations = (
				D01DC1EF2D92B26400C42873 /* Debug */,
				D01DC1F02D92B26400C42873 /* Release */,
			);
			defaultConfigurationIsVisible = 0;
			defaultConfigurationName = Release;
		};
/* End XCConfigurationList section */
	};
	rootObject = D01DC1BC2D92B26200C42873 /* Project object */;
}
